
Microsoft Visual Studio Solution File, Format Version 12.00
# Visual Studio Version 16
VisualStudioVersion = 16.0.28917.182
MinimumVisualStudioVersion = 10.0.40219.1
Project("{FAE04EC0-301F-11D3-BF4B-00C04F79EFBC}") = "ChromeFxClient", "ChromeFxClient.csproj", "{6315407B-1C08-4BFC-B256-E25E7EB68553}"
EndProject
Project("{FAE04EC0-301F-11D3-BF4B-00C04F79EFBC}") = "ChromFXUI", "..\..\ChromeFxUI\ChromFXUI\ChromFXUI.csproj", "{F08BB3EC-8BD4-4AF0-AC3F-49AF44917324}"
EndProject
Project("{FAE04EC0-301F-11D3-BF4B-00C04F79EFBC}") = "ChromFXUI.XP", "..\..\ChromeFxUI\ChromFXUI.XP\ChromFXUI.XP.csproj", "{F43C7D7D-83A5-4A5C-A689-2CB5BBCEDD5C}"
EndProject
Project("{FAE04EC0-301F-11D3-BF4B-00C04F79EFBC}") = "ReduxStyleUI", "..\..\Redux\ReduxStyleUI\ReduxStyleUI.csproj", "{B28D65A1-631F-4F78-9B38-07EB9E7A1922}"
EndProject
Project("{FAE04EC0-301F-11D3-BF4B-00C04F79EFBC}") = "ReduxStyleUI.XP", "..\..\Redux\ReduxStyleUI.XP\ReduxStyleUI.XP.csproj", "{608821E3-384A-4CC0-BFC6-F80CD0B12AE5}"
EndProject
Project("{FAE04EC0-301F-11D3-BF4B-00C04F79EFBC}") = "ReduxCore", "..\..\Redux\ReduxCore\ReduxCore.csproj", "{0AE46835-B2AE-4913-A98F-B68B7B3234F3}"
EndProject
Project("{FAE04EC0-301F-11D3-BF4B-00C04F79EFBC}") = "Models", "..\Models\Models.csproj", "{575135DF-984C-4EB5-B620-51E19B4D8BF4}"
EndProject
Project("{FAE04EC0-301F-11D3-BF4B-00C04F79EFBC}") = "Reducers", "..\Reducers\Reducers.csproj", "{D4CBDBD7-9961-4700-BA90-B6274A3F1197}"
EndProject
Project("{FAE04EC0-301F-11D3-BF4B-00C04F79EFBC}") = "Actions", "..\Actions\Actions.csproj", "{EA9AE152-9883-49F2-BBB2-4EE9CA049AA7}"
EndProject
Project("{FAE04EC0-301F-11D3-BF4B-00C04F79EFBC}") = "GlobalExtensions", "..\GlobalExtensions\GlobalExtensions.csproj", "{86FCCB3E-94EF-4B76-9C90-6A19CDCC8BCE}"
EndProject
Project("{9A19103F-16F7-4668-BE54-9A1E7A4F7556}") = "ResumeHttpClient", "..\ResumeHttpClient\ResumeHttpClient.csproj", "{EC6895B5-B3B2-4F69-A9B0-495AA95537C9}"
EndProject
Project("{FAE04EC0-301F-11D3-BF4B-00C04F79EFBC}") = "ReduxCoreTest", "..\..\Redux\ReduxCoreTest\ReduxCoreTest.csproj", "{B40FD373-ACCA-490B-9C80-31E1DC76747A}"
EndProject
Project("{2150E333-8FDC-42A3-9474-1A3956D46DE8}") = "Example", "Example", "{7CB99BA2-4D05-4382-9D55-9EF794D1E374}"
EndProject
Project("{2150E333-8FDC-42A3-9474-1A3956D46DE8}") = "ChromeCore", "ChromeCore", "{EB7B38B0-9D67-40EE-B521-F3ADD42B2349}"
EndProject
Project("{2150E333-8FDC-42A3-9474-1A3956D46DE8}") = "Redux", "Redux", "{B140D80F-A4BB-486D-881D-91576881EF88}"
EndProject
Global
	GlobalSection(SolutionConfigurationPlatforms) = preSolution
		Debug|Any CPU = Debug|Any CPU
		Debug|x86 = Debug|x86
		Release|Any CPU = Release|Any CPU
		Release|x86 = Release|x86
	EndGlobalSection
	GlobalSection(ProjectConfigurationPlatforms) = postSolution
		{6315407B-1C08-4BFC-B256-E25E7EB68553}.Debug|Any CPU.ActiveCfg = Debug|Any CPU
		{6315407B-1C08-4BFC-B256-E25E7EB68553}.Debug|Any CPU.Build.0 = Debug|Any CPU
		{6315407B-1C08-4BFC-B256-E25E7EB68553}.Debug|x86.ActiveCfg = Debug|Any CPU
		{6315407B-1C08-4BFC-B256-E25E7EB68553}.Debug|x86.Build.0 = Debug|Any CPU
		{6315407B-1C08-4BFC-B256-E25E7EB68553}.Release|Any CPU.ActiveCfg = Release|Any CPU
		{6315407B-1C08-4BFC-B256-E25E7EB68553}.Release|Any CPU.Build.0 = Release|Any CPU
		{6315407B-1C08-4BFC-B256-E25E7EB68553}.Release|x86.ActiveCfg = Release|Any CPU
		{6315407B-1C08-4BFC-B256-E25E7EB68553}.Release|x86.Build.0 = Release|Any CPU
		{F08BB3EC-8BD4-4AF0-AC3F-49AF44917324}.Debug|Any CPU.ActiveCfg = Debug|Any CPU
		{F08BB3EC-8BD4-4AF0-AC3F-49AF44917324}.Debug|Any CPU.Build.0 = Debug|Any CPU
		{F08BB3EC-8BD4-4AF0-AC3F-49AF44917324}.Debug|x86.ActiveCfg = Debug|x86
		{F08BB3EC-8BD4-4AF0-AC3F-49AF44917324}.Debug|x86.Build.0 = Debug|x86
		{F08BB3EC-8BD4-4AF0-AC3F-49AF44917324}.Release|Any CPU.ActiveCfg = Release|Any CPU
		{F08BB3EC-8BD4-4AF0-AC3F-49AF44917324}.Release|Any CPU.Build.0 = Release|Any CPU
		{F08BB3EC-8BD4-4AF0-AC3F-49AF44917324}.Release|x86.ActiveCfg = Release|x86
		{F08BB3EC-8BD4-4AF0-AC3F-49AF44917324}.Release|x86.Build.0 = Release|x86
		{F43C7D7D-83A5-4A5C-A689-2CB5BBCEDD5C}.Debug|Any CPU.ActiveCfg = Debug|Any CPU
		{F43C7D7D-83A5-4A5C-A689-2CB5BBCEDD5C}.Debug|Any CPU.Build.0 = Debug|Any CPU
		{F43C7D7D-83A5-4A5C-A689-2CB5BBCEDD5C}.Debug|x86.ActiveCfg = Debug|Any CPU
		{F43C7D7D-83A5-4A5C-A689-2CB5BBCEDD5C}.Debug|x86.Build.0 = Debug|Any CPU
		{F43C7D7D-83A5-4A5C-A689-2CB5BBCEDD5C}.Release|Any CPU.ActiveCfg = Release|Any CPU
		{F43C7D7D-83A5-4A5C-A689-2CB5BBCEDD5C}.Release|Any CPU.Build.0 = Release|Any CPU
		{F43C7D7D-83A5-4A5C-A689-2CB5BBCEDD5C}.Release|x86.ActiveCfg = Release|Any CPU
		{F43C7D7D-83A5-4A5C-A689-2CB5BBCEDD5C}.Release|x86.Build.0 = Release|Any CPU
		{B28D65A1-631F-4F78-9B38-07EB9E7A1922}.Debug|Any CPU.ActiveCfg = Debug|Any CPU
		{B28D65A1-631F-4F78-9B38-07EB9E7A1922}.Debug|Any CPU.Build.0 = Debug|Any CPU
		{B28D65A1-631F-4F78-9B38-07EB9E7A1922}.Debug|x86.ActiveCfg = Debug|Any CPU
		{B28D65A1-631F-4F78-9B38-07EB9E7A1922}.Debug|x86.Build.0 = Debug|Any CPU
		{B28D65A1-631F-4F78-9B38-07EB9E7A1922}.Release|Any CPU.ActiveCfg = Release|Any CPU
		{B28D65A1-631F-4F78-9B38-07EB9E7A1922}.Release|Any CPU.Build.0 = Release|Any CPU
		{B28D65A1-631F-4F78-9B38-07EB9E7A1922}.Release|x86.ActiveCfg = Release|Any CPU
		{B28D65A1-631F-4F78-9B38-07EB9E7A1922}.Release|x86.Build.0 = Release|Any CPU
		{608821E3-384A-4CC0-BFC6-F80CD0B12AE5}.Debug|Any CPU.ActiveCfg = Debug|Any CPU
		{608821E3-384A-4CC0-BFC6-F80CD0B12AE5}.Debug|Any CPU.Build.0 = Debug|Any CPU
		{608821E3-384A-4CC0-BFC6-F80CD0B12AE5}.Debug|x86.ActiveCfg = Debug|Any CPU
		{608821E3-384A-4CC0-BFC6-F80CD0B12AE5}.Debug|x86.Build.0 = Debug|Any CPU
		{608821E3-384A-4CC0-BFC6-F80CD0B12AE5}.Release|Any CPU.ActiveCfg = Release|Any CPU
		{608821E3-384A-4CC0-BFC6-F80CD0B12AE5}.Release|Any CPU.Build.0 = Release|Any CPU
		{608821E3-384A-4CC0-BFC6-F80CD0B12AE5}.Release|x86.ActiveCfg = Release|Any CPU
		{608821E3-384A-4CC0-BFC6-F80CD0B12AE5}.Release|x86.Build.0 = Release|Any CPU
		{0AE46835-B2AE-4913-A98F-B68B7B3234F3}.Debug|Any CPU.ActiveCfg = Debug|Any CPU
		{0AE46835-B2AE-4913-A98F-B68B7B3234F3}.Debug|Any CPU.Build.0 = Debug|Any CPU
		{0AE46835-B2AE-4913-A98F-B68B7B3234F3}.Debug|x86.ActiveCfg = Debug|Any CPU
		{0AE46835-B2AE-4913-A98F-B68B7B3234F3}.Debug|x86.Build.0 = Debug|Any CPU
		{0AE46835-B2AE-4913-A98F-B68B7B3234F3}.Release|Any CPU.ActiveCfg = Release|Any CPU
		{0AE46835-B2AE-4913-A98F-B68B7B3234F3}.Release|Any CPU.Build.0 = Release|Any CPU
		{0AE46835-B2AE-4913-A98F-B68B7B3234F3}.Release|x86.ActiveCfg = Release|Any CPU
		{0AE46835-B2AE-4913-A98F-B68B7B3234F3}.Release|x86.Build.0 = Release|Any CPU
		{575135DF-984C-4EB5-B620-51E19B4D8BF4}.Debug|Any CPU.ActiveCfg = Debug|Any CPU
		{575135DF-984C-4EB5-B620-51E19B4D8BF4}.Debug|Any CPU.Build.0 = Debug|Any CPU
		{575135DF-984C-4EB5-B620-51E19B4D8BF4}.Debug|x86.ActiveCfg = Debug|Any CPU
		{575135DF-984C-4EB5-B620-51E19B4D8BF4}.Debug|x86.Build.0 = Debug|Any CPU
		{575135DF-984C-4EB5-B620-51E19B4D8BF4}.Release|Any CPU.ActiveCfg = Release|Any CPU
		{575135DF-984C-4EB5-B620-51E19B4D8BF4}.Release|Any CPU.Build.0 = Release|Any CPU
		{575135DF-984C-4EB5-B620-51E19B4D8BF4}.Release|x86.ActiveCfg = Release|Any CPU
		{575135DF-984C-4EB5-B620-51E19B4D8BF4}.Release|x86.Build.0 = Release|Any CPU
		{D4CBDBD7-9961-4700-BA90-B6274A3F1197}.Debug|Any CPU.ActiveCfg = Debug|Any CPU
		{D4CBDBD7-9961-4700-BA90-B6274A3F1197}.Debug|Any CPU.Build.0 = Debug|Any CPU
		{D4CBDBD7-9961-4700-BA90-B6274A3F1197}.Debug|x86.ActiveCfg = Debug|Any CPU
		{D4CBDBD7-9961-4700-BA90-B6274A3F1197}.Debug|x86.Build.0 = Debug|Any CPU
		{D4CBDBD7-9961-4700-BA90-B6274A3F1197}.Release|Any CPU.ActiveCfg = Release|Any CPU
		{D4CBDBD7-9961-4700-BA90-B6274A3F1197}.Release|Any CPU.Build.0 = Release|Any CPU
		{D4CBDBD7-9961-4700-BA90-B6274A3F1197}.Release|x86.ActiveCfg = Release|Any CPU
		{D4CBDBD7-9961-4700-BA90-B6274A3F1197}.Release|x86.Build.0 = Release|Any CPU
		{EA9AE152-9883-49F2-BBB2-4EE9CA049AA7}.Debug|Any CPU.ActiveCfg = Debug|Any CPU
		{EA9AE152-9883-49F2-BBB2-4EE9CA049AA7}.Debug|Any CPU.Build.0 = Debug|Any CPU
		{EA9AE152-9883-49F2-BBB2-4EE9CA049AA7}.Debug|x86.ActiveCfg = Debug|Any CPU
		{EA9AE152-9883-49F2-BBB2-4EE9CA049AA7}.Debug|x86.Build.0 = Debug|Any CPU
		{EA9AE152-9883-49F2-BBB2-4EE9CA049AA7}.Release|Any CPU.ActiveCfg = Release|Any CPU
		{EA9AE152-9883-49F2-BBB2-4EE9CA049AA7}.Release|Any CPU.Build.0 = Release|Any CPU
		{EA9AE152-9883-49F2-BBB2-4EE9CA049AA7}.Release|x86.ActiveCfg = Release|Any CPU
		{EA9AE152-9883-49F2-BBB2-4EE9CA049AA7}.Release|x86.Build.0 = Release|Any CPU
		{86FCCB3E-94EF-4B76-9C90-6A19CDCC8BCE}.Debug|Any CPU.ActiveCfg = Debug|Any CPU
		{86FCCB3E-94EF-4B76-9C90-6A19CDCC8BCE}.Debug|Any CPU.Build.0 = Debug|Any CPU
		{86FCCB3E-94EF-4B76-9C90-6A19CDCC8BCE}.Debug|x86.ActiveCfg = Debug|Any CPU
		{86FCCB3E-94EF-4B76-9C90-6A19CDCC8BCE}.Debug|x86.Build.0 = Debug|Any CPU
		{86FCCB3E-94EF-4B76-9C90-6A19CDCC8BCE}.Release|Any CPU.ActiveCfg = Release|Any CPU
		{86FCCB3E-94EF-4B76-9C90-6A19CDCC8BCE}.Release|Any CPU.Build.0 = Release|Any CPU
		{86FCCB3E-94EF-4B76-9C90-6A19CDCC8BCE}.Release|x86.ActiveCfg = Release|Any CPU
		{86FCCB3E-94EF-4B76-9C90-6A19CDCC8BCE}.Release|x86.Build.0 = Release|Any CPU
		{EC6895B5-B3B2-4F69-A9B0-495AA95537C9}.Debug|Any CPU.ActiveCfg = Debug|Any CPU
		{EC6895B5-B3B2-4F69-A9B0-495AA95537C9}.Debug|Any CPU.Build.0 = Debug|Any CPU
		{EC6895B5-B3B2-4F69-A9B0-495AA95537C9}.Debug|x86.ActiveCfg = Debug|Any CPU
		{EC6895B5-B3B2-4F69-A9B0-495AA95537C9}.Debug|x86.Build.0 = Debug|Any CPU
		{EC6895B5-B3B2-4F69-A9B0-495AA95537C9}.Release|Any CPU.ActiveCfg = Release|Any CPU
		{EC6895B5-B3B2-4F69-A9B0-495AA95537C9}.Release|Any CPU.Build.0 = Release|Any CPU
		{EC6895B5-B3B2-4F69-A9B0-495AA95537C9}.Release|x86.ActiveCfg = Release|Any CPU
		{EC6895B5-B3B2-4F69-A9B0-495AA95537C9}.Release|x86.Build.0 = Release|Any CPU
		{B40FD373-ACCA-490B-9C80-31E1DC76747A}.Debug|Any CPU.ActiveCfg = Debug|Any CPU
		{B40FD373-ACCA-490B-9C80-31E1DC76747A}.Debug|Any CPU.Build.0 = Debug|Any CPU
		{B40FD373-ACCA-490B-9C80-31E1DC76747A}.Debug|x86.ActiveCfg = Debug|Any CPU
		{B40FD373-ACCA-490B-9C80-31E1DC76747A}.Debug|x86.Build.0 = Debug|Any CPU
		{B40FD373-ACCA-490B-9C80-31E1DC76747A}.Release|Any CPU.ActiveCfg = Release|Any CPU
		{B40FD373-ACCA-490B-9C80-31E1DC76747A}.Release|Any CPU.Build.0 = Release|Any CPU
		{B40FD373-ACCA-490B-9C80-31E1DC76747A}.Release|x86.ActiveCfg = Release|Any CPU
		{B40FD373-ACCA-490B-9C80-31E1DC76747A}.Release|x86.Build.0 = Release|Any CPU
	EndGlobalSection
	GlobalSection(SolutionProperties) = preSolution
		HideSolutionNode = FALSE
	EndGlobalSection
	GlobalSection(NestedProjects) = preSolution
		{6315407B-1C08-4BFC-B256-E25E7EB68553} = {7CB99BA2-4D05-4382-9D55-9EF794D1E374}
		{F08BB3EC-8BD4-4AF0-AC3F-49AF44917324} = {EB7B38B0-9D67-40EE-B521-F3ADD42B2349}
		{F43C7D7D-83A5-4A5C-A689-2CB5BBCEDD5C} = {EB7B38B0-9D67-40EE-B521-F3ADD42B2349}
		{B28D65A1-631F-4F78-9B38-07EB9E7A1922} = {B140D80F-A4BB-486D-881D-91576881EF88}
		{608821E3-384A-4CC0-BFC6-F80CD0B12AE5} = {B140D80F-A4BB-486D-881D-91576881EF88}
		{0AE46835-B2AE-4913-A98F-B68B7B3234F3} = {B140D80F-A4BB-486D-881D-91576881EF88}
		{575135DF-984C-4EB5-B620-51E19B4D8BF4} = {7CB99BA2-4D05-4382-9D55-9EF794D1E374}
		{D4CBDBD7-9961-4700-BA90-B6274A3F1197} = {7CB99BA2-4D05-4382-9D55-9EF794D1E374}
		{EA9AE152-9883-49F2-BBB2-4EE9CA049AA7} = {7CB99BA2-4D05-4382-9D55-9EF794D1E374}
		{86FCCB3E-94EF-4B76-9C90-6A19CDCC8BCE} = {7CB99BA2-4D05-4382-9D55-9EF794D1E374}
		{EC6895B5-B3B2-4F69-A9B0-495AA95537C9} = {7CB99BA2-4D05-4382-9D55-9EF794D1E374}
		{B40FD373-ACCA-490B-9C80-31E1DC76747A} = {7CB99BA2-4D05-4382-9D55-9EF794D1E374}
	EndGlobalSection
	GlobalSection(ExtensibilityGlobals) = postSolution
		SolutionGuid = {52179BF1-FD36-4AD7-8BC7-27594A5F42DA}
	EndGlobalSection
EndGlobal
